
Microsoft Visual Studio Solution File, Format Version 12.00
# Visual Studio Version 17
VisualStudioVersion = 17.13.35931.197 d17.13
MinimumVisualStudioVersion = 10.0.40219.1
Project("{FAE04EC0-301F-11D3-BF4B-00C04F79EFBC}") = "Gostenova_Autoservice", "Gostenova_Autoservice.csproj", "{C49643FC-FCC0-484B-A7CE-D8E68E9691A5}"
EndProject
Global
	GlobalSection(SolutionConfigurationPlatforms) = preSolution
		Debug|Any CPU = Debug|Any CPU
		Release|Any CPU = Release|Any CPU
	EndGlobalSection
	GlobalSection(ProjectConfigurationPlatforms) = postSolution
		{C49643FC-FCC0-484B-A7CE-D8E68E9691A5}.Debug|Any CPU.ActiveCfg = Debug|Any CPU
		{C49643FC-FCC0-484B-A7CE-D8E68E9691A5}.Debug|Any CPU.Build.0 = Debug|Any CPU
		{C49643FC-FCC0-484B-A7CE-D8E68E9691A5}.Release|Any CPU.ActiveCfg = Release|Any CPU
		{C49643FC-FCC0-484B-A7CE-D8E68E9691A5}.Release|Any CPU.Build.0 = Release|Any CPU
	EndGlobalSection
	GlobalSection(SolutionProperties) = preSolution
		HideSolutionNode = FALSE
	EndGlobalSection
	GlobalSection(ExtensibilityGlobals) = postSolution
		SolutionGuid = {7D3EF68D-01E5-4306-A952-9B36C36BDA34}
	EndGlobalSection
EndGlobal
